
Microsoft Visual Studio Solution File, Format Version 12.00
# Visual Studio 15
Project("{FAE04EC0-301F-11D3-BF4B-00C04F79EFBC}") = "UnityEngine.UI", "UnityEngine.UI.csproj", "{518F0073-D921-9990-98F6-39F9C493F13F}"
EndProject
Project("{FAE04EC0-301F-11D3-BF4B-00C04F79EFBC}") = "UnityEngine.TestRunner", "UnityEngine.TestRunner.csproj", "{C2C2DE60-51BC-6FBC-43F7-C061E1B3BC4C}"
EndProject
Project("{FAE04EC0-301F-11D3-BF4B-00C04F79EFBC}") = "Unity.Mathematics", "Unity.Mathematics.csproj", "{9E6F1299-FF60-7EBC-A701-2739A0593545}"
EndProject
Project("{FAE04EC0-301F-11D3-BF4B-00C04F79EFBC}") = "Unity.2D.Animation.Triangle.Runtime", "Unity.2D.Animation.Triangle.Runtime.csproj", "{5894467A-1598-18BC-7D5C-71EC1AC07742}"
EndProject
Project("{FAE04EC0-301F-11D3-BF4B-00C04F79EFBC}") = "Unity.Timeline", "Unity.Timeline.csproj", "{0CB0E4C4-7B02-0B4E-051B-9C80917BD01F}"
EndProject
Project("{FAE04EC0-301F-11D3-BF4B-00C04F79EFBC}") = "Cinemachine", "Cinemachine.csproj", "{1056E661-F3ED-90E2-8A3F-97F6659B9F6C}"
EndProject
Project("{FAE04EC0-301F-11D3-BF4B-00C04F79EFBC}") = "Unity.TextMeshPro", "Unity.TextMeshPro.csproj", "{A90B0161-8527-A272-FCC5-8A4CD6A3B2A6}"
EndProject
Project("{FAE04EC0-301F-11D3-BF4B-00C04F79EFBC}") = "Unity.2D.Animation.Runtime", "Unity.2D.Animation.Runtime.csproj", "{6D5E15EC-0241-97E1-46C8-F26F68FD4723}"
EndProject
Project("{FAE04EC0-301F-11D3-BF4B-00C04F79EFBC}") = "Unity.2D.IK.Runtime", "Unity.2D.IK.Runtime.csproj", "{D67B38F2-9EA4-CA3C-B56F-4AB00C42292F}"
EndProject
Project("{FAE04EC0-301F-11D3-BF4B-00C04F79EFBC}") = "Unity.2D.SpriteShape.Runtime", "Unity.2D.SpriteShape.Runtime.csproj", "{DB85F7C2-AF88-258E-D186-AE8DA27C6877}"
EndProject
Project("{FAE04EC0-301F-11D3-BF4B-00C04F79EFBC}") = "Unity.2D.PixelPerfect", "Unity.2D.PixelPerfect.csproj", "{4121604C-F211-8DC6-CAEE-05EAEDA4ACC0}"
EndProject
Project("{FAE04EC0-301F-11D3-BF4B-00C04F79EFBC}") = "Assembly-CSharp", "Assembly-CSharp.csproj", "{5699BB48-5E8E-79F6-3675-EA9C94671DC3}"
EndProject
Project("{FAE04EC0-301F-11D3-BF4B-00C04F79EFBC}") = "Unity.2D.Common.Runtime", "Unity.2D.Common.Runtime.csproj", "{32565B22-3275-8D51-3873-AF99BD125C39}"
EndProject
Project("{FAE04EC0-301F-11D3-BF4B-00C04F79EFBC}") = "Unity.InternalAPIEngineBridge.001", "Unity.InternalAPIEngineBridge.001.csproj", "{9BBF76D6-768D-6F69-6528-7329651DD669}"
EndProject
Project("{FAE04EC0-301F-11D3-BF4B-00C04F79EFBC}") = "UnityEditor.TestRunner", "UnityEditor.TestRunner.csproj", "{27081FF2-3E65-AB58-F248-8D6D91752AA4}"
EndProject
Project("{FAE04EC0-301F-11D3-BF4B-00C04F79EFBC}") = "Unity.PlasticSCM.Editor", "Unity.PlasticSCM.Editor.csproj", "{DA5AA133-4D9A-DF7C-C094-372155081ACA}"
EndProject
Project("{FAE04EC0-301F-11D3-BF4B-00C04F79EFBC}") = "UnityEditor.UI", "UnityEditor.UI.csproj", "{644988F1-9AC5-F56F-727D-084AE376A0AD}"
EndProject
Project("{FAE04EC0-301F-11D3-BF4B-00C04F79EFBC}") = "Unity.Services.Core.Editor", "Unity.Services.Core.Editor.csproj", "{1CE25593-6E2D-B4A3-506E-ED103055DAEC}"
EndProject
Project("{FAE04EC0-301F-11D3-BF4B-00C04F79EFBC}") = "Unity.Timeline.Editor", "Unity.Timeline.Editor.csproj", "{008F1D2F-77B7-06CE-044C-B88A866F8018}"
EndProject
Project("{FAE04EC0-301F-11D3-BF4B-00C04F79EFBC}") = "Unity.VisualStudio.Editor", "Unity.VisualStudio.Editor.csproj", "{2A359F43-9D5A-1767-B064-C621944D3F8B}"
EndProject
Project("{FAE04EC0-301F-11D3-BF4B-00C04F79EFBC}") = "com.unity.cinemachine.editor", "com.unity.cinemachine.editor.csproj", "{27581AEA-D74C-5639-A1AF-323D129222B1}"
EndProject
Project("{FAE04EC0-301F-11D3-BF4B-00C04F79EFBC}") = "Unity.2D.Psdimporter.Editor", "Unity.2D.Psdimporter.Editor.csproj", "{843CB92C-7F69-DCF9-89A9-695021527BC7}"
EndProject
Project("{FAE04EC0-301F-11D3-BF4B-00C04F79EFBC}") = "Unity.2D.Animation.Editor", "Unity.2D.Animation.Editor.csproj", "{8A13B87F-9892-F8CE-FBCB-7964AA4F2921}"
EndProject
Project("{FAE04EC0-301F-11D3-BF4B-00C04F79EFBC}") = "Unity.TextMeshPro.Editor", "Unity.TextMeshPro.Editor.csproj", "{419C2B77-824C-564A-778C-55177E850E12}"
EndProject
Project("{FAE04EC0-301F-11D3-BF4B-00C04F79EFBC}") = "Unity.2D.SpriteShape.Editor", "Unity.2D.SpriteShape.Editor.csproj", "{4244EB7B-C5FF-D090-337B-F4A06A50A1C6}"
EndProject
Project("{FAE04EC0-301F-11D3-BF4B-00C04F79EFBC}") = "Unity.CollabProxy.Editor", "Unity.CollabProxy.Editor.csproj", "{CC480731-E314-1C5F-DC86-CD5820B8D3EB}"
EndProject
Project("{FAE04EC0-301F-11D3-BF4B-00C04F79EFBC}") = "PsdPlugin", "PsdPlugin.csproj", "{0C5B3B65-0D5F-FCB1-01C9-0356515F4EE7}"
EndProject
Project("{FAE04EC0-301F-11D3-BF4B-00C04F79EFBC}") = "Unity.2D.Path.Editor", "Unity.2D.Path.Editor.csproj", "{04A4E6AA-A814-B74C-CC96-087950A7BD71}"
EndProject
Project("{FAE04EC0-301F-11D3-BF4B-00C04F79EFBC}") = "Unity.Rider.Editor", "Unity.Rider.Editor.csproj", "{8AB88E4A-5C11-1D33-DE86-08F9151D5854}"
EndProject
Project("{FAE04EC0-301F-11D3-BF4B-00C04F79EFBC}") = "Unity.2D.IK.Editor", "Unity.2D.IK.Editor.csproj", "{951DE116-D7D1-67E0-7A5E-E49B7BD35C4D}"
EndProject
Project("{FAE04EC0-301F-11D3-BF4B-00C04F79EFBC}") = "Unity.2D.Sprite.Editor", "Unity.2D.Sprite.Editor.csproj", "{C0B4B881-6834-2235-6771-4756481EE7F7}"
EndProject
Project("{FAE04EC0-301F-11D3-BF4B-00C04F79EFBC}") = "Unity.2D.Tilemap.Editor", "Unity.2D.Tilemap.Editor.csproj", "{4F9ADDC8-C0A1-82D2-6D54-603C4EA2E1D4}"
EndProject
Project("{FAE04EC0-301F-11D3-BF4B-00C04F79EFBC}") = "Unity.2D.PixelPerfect.Editor", "Unity.2D.PixelPerfect.Editor.csproj", "{0F9A6FA9-9391-ACF6-76FD-EC924788DCE9}"
EndProject
Project("{FAE04EC0-301F-11D3-BF4B-00C04F79EFBC}") = "Unity.VSCode.Editor", "Unity.VSCode.Editor.csproj", "{631341A0-368D-479D-40CE-05E36557F8B0}"
EndProject
Project("{FAE04EC0-301F-11D3-BF4B-00C04F79EFBC}") = "Unity.2D.Common.Editor", "Unity.2D.Common.Editor.csproj", "{FD4F4AD6-8070-F748-746D-5889C72AE39D}"
EndProject
Project("{FAE04EC0-301F-11D3-BF4B-00C04F79EFBC}") = "Unity.Mathematics.Editor", "Unity.Mathematics.Editor.csproj", "{7C86A553-2E38-8343-83E8-EC02AFFC368A}"
EndProject
Project("{FAE04EC0-301F-11D3-BF4B-00C04F79EFBC}") = "Unity.InternalAPIEditorBridge.001", "Unity.InternalAPIEditorBridge.001.csproj", "{0B990328-A9F5-D8DA-6A0C-8A8FB9F19808}"
EndProject
Project("{FAE04EC0-301F-11D3-BF4B-00C04F79EFBC}") = "UnityEngine.UI", "UnityEngine.UI.Player.csproj", "{7C47193D-F0C5-6CF9-F50B-2236060E857B}"
EndProject
Project("{FAE04EC0-301F-11D3-BF4B-00C04F79EFBC}") = "UnityEngine.TestRunner", "UnityEngine.TestRunner.Player.csproj", "{C10EB3FC-B906-1CDF-F36B-7D3F59F0A1D5}"
EndProject
Project("{FAE04EC0-301F-11D3-BF4B-00C04F79EFBC}") = "Unity.Mathematics", "Unity.Mathematics.Player.csproj", "{3E5B3D94-95CD-B09D-CE6A-4271F8350E98}"
EndProject
Project("{FAE04EC0-301F-11D3-BF4B-00C04F79EFBC}") = "Unity.2D.Animation.Triangle.Runtime", "Unity.2D.Animation.Triangle.Runtime.Player.csproj", "{33B3BDCD-7570-ACAC-F059-1B2C40582F5D}"
EndProject
Project("{FAE04EC0-301F-11D3-BF4B-00C04F79EFBC}") = "Unity.Timeline", "Unity.Timeline.Player.csproj", "{DA7847A9-02B4-3D5E-5A9C-06C1BE3AD6FB}"
EndProject
Project("{FAE04EC0-301F-11D3-BF4B-00C04F79EFBC}") = "Cinemachine", "Cinemachine.Player.csproj", "{B5168951-098F-218E-12D9-2B3D5E9D1DC4}"
EndProject
Project("{FAE04EC0-301F-11D3-BF4B-00C04F79EFBC}") = "Unity.TextMeshPro", "Unity.TextMeshPro.Player.csproj", "{13286904-2736-2314-7FA4-E5BD94C156BA}"
EndProject
Project("{FAE04EC0-301F-11D3-BF4B-00C04F79EFBC}") = "Unity.2D.Animation.Runtime", "Unity.2D.Animation.Runtime.Player.csproj", "{DFC824C9-5B79-9C7B-8B25-0CB41E577622}"
EndProject
Project("{FAE04EC0-301F-11D3-BF4B-00C04F79EFBC}") = "Unity.2D.IK.Runtime", "Unity.2D.IK.Runtime.Player.csproj", "{D9BE872B-9F24-DE42-DAC8-B0F054BD9D29}"
EndProject
Project("{FAE04EC0-301F-11D3-BF4B-00C04F79EFBC}") = "Unity.2D.SpriteShape.Runtime", "Unity.2D.SpriteShape.Runtime.Player.csproj", "{958FF39F-23CA-72CC-DB0A-267A00CE7502}"
EndProject
Project("{FAE04EC0-301F-11D3-BF4B-00C04F79EFBC}") = "Unity.2D.PixelPerfect", "Unity.2D.PixelPerfect.Player.csproj", "{486BF987-40B0-30D8-459C-D1FE429B16A7}"
EndProject
Project("{FAE04EC0-301F-11D3-BF4B-00C04F79EFBC}") = "Assembly-CSharp", "Assembly-CSharp.Player.csproj", "{CD1F40AA-A0F4-8B41-FC2D-20DC0AD50FBA}"
EndProject
Project("{FAE04EC0-301F-11D3-BF4B-00C04F79EFBC}") = "Unity.2D.Common.Runtime", "Unity.2D.Common.Runtime.Player.csproj", "{8986FA69-8342-EBD9-630C-396186A5F658}"
EndProject
Project("{FAE04EC0-301F-11D3-BF4B-00C04F79EFBC}") = "Unity.InternalAPIEngineBridge.001", "Unity.InternalAPIEngineBridge.001.Player.csproj", "{263DE7F0-E900-95F1-22D9-F4D632865C08}"
EndProject
Global
	GlobalSection(SolutionConfigurationPlatforms) = preSolution
		Debug|Any CPU = Debug|Any CPU
		Release|Any CPU = Release|Any CPU
	EndGlobalSection
	GlobalSection(ProjectConfigurationPlatforms) = postSolution
		{518F0073-D921-9990-98F6-39F9C493F13F}.Debug|Any CPU.ActiveCfg = Debug|Any CPU
		{518F0073-D921-9990-98F6-39F9C493F13F}.Debug|Any CPU.Build.0 = Debug|Any CPU
		{518F0073-D921-9990-98F6-39F9C493F13F}.Release|Any CPU.ActiveCfg = Release|Any CPU
		{518F0073-D921-9990-98F6-39F9C493F13F}.Release|Any CPU.Build.0 = Release|Any CPU
		{C2C2DE60-51BC-6FBC-43F7-C061E1B3BC4C}.Debug|Any CPU.ActiveCfg = Debug|Any CPU
		{C2C2DE60-51BC-6FBC-43F7-C061E1B3BC4C}.Debug|Any CPU.Build.0 = Debug|Any CPU
		{C2C2DE60-51BC-6FBC-43F7-C061E1B3BC4C}.Release|Any CPU.ActiveCfg = Release|Any CPU
		{C2C2DE60-51BC-6FBC-43F7-C061E1B3BC4C}.Release|Any CPU.Build.0 = Release|Any CPU
		{9E6F1299-FF60-7EBC-A701-2739A0593545}.Debug|Any CPU.ActiveCfg = Debug|Any CPU
		{9E6F1299-FF60-7EBC-A701-2739A0593545}.Debug|Any CPU.Build.0 = Debug|Any CPU
		{9E6F1299-FF60-7EBC-A701-2739A0593545}.Release|Any CPU.ActiveCfg = Release|Any CPU
		{9E6F1299-FF60-7EBC-A701-2739A0593545}.Release|Any CPU.Build.0 = Release|Any CPU
		{5894467A-1598-18BC-7D5C-71EC1AC07742}.Debug|Any CPU.ActiveCfg = Debug|Any CPU
		{5894467A-1598-18BC-7D5C-71EC1AC07742}.Debug|Any CPU.Build.0 = Debug|Any CPU
		{5894467A-1598-18BC-7D5C-71EC1AC07742}.Release|Any CPU.ActiveCfg = Release|Any CPU
		{5894467A-1598-18BC-7D5C-71EC1AC07742}.Release|Any CPU.Build.0 = Release|Any CPU
		{0CB0E4C4-7B02-0B4E-051B-9C80917BD01F}.Debug|Any CPU.ActiveCfg = Debug|Any CPU
		{0CB0E4C4-7B02-0B4E-051B-9C80917BD01F}.Debug|Any CPU.Build.0 = Debug|Any CPU
		{0CB0E4C4-7B02-0B4E-051B-9C80917BD01F}.Release|Any CPU.ActiveCfg = Release|Any CPU
		{0CB0E4C4-7B02-0B4E-051B-9C80917BD01F}.Release|Any CPU.Build.0 = Release|Any CPU
		{1056E661-F3ED-90E2-8A3F-97F6659B9F6C}.Debug|Any CPU.ActiveCfg = Debug|Any CPU
		{1056E661-F3ED-90E2-8A3F-97F6659B9F6C}.Debug|Any CPU.Build.0 = Debug|Any CPU
		{1056E661-F3ED-90E2-8A3F-97F6659B9F6C}.Release|Any CPU.ActiveCfg = Release|Any CPU
		{1056E661-F3ED-90E2-8A3F-97F6659B9F6C}.Release|Any CPU.Build.0 = Release|Any CPU
		{A90B0161-8527-A272-FCC5-8A4CD6A3B2A6}.Debug|Any CPU.ActiveCfg = Debug|Any CPU
		{A90B0161-8527-A272-FCC5-8A4CD6A3B2A6}.Debug|Any CPU.Build.0 = Debug|Any CPU
		{A90B0161-8527-A272-FCC5-8A4CD6A3B2A6}.Release|Any CPU.ActiveCfg = Release|Any CPU
		{A90B0161-8527-A272-FCC5-8A4CD6A3B2A6}.Release|Any CPU.Build.0 = Release|Any CPU
		{6D5E15EC-0241-97E1-46C8-F26F68FD4723}.Debug|Any CPU.ActiveCfg = Debug|Any CPU
		{6D5E15EC-0241-97E1-46C8-F26F68FD4723}.Debug|Any CPU.Build.0 = Debug|Any CPU
		{6D5E15EC-0241-97E1-46C8-F26F68FD4723}.Release|Any CPU.ActiveCfg = Release|Any CPU
		{6D5E15EC-0241-97E1-46C8-F26F68FD4723}.Release|Any CPU.Build.0 = Release|Any CPU
		{D67B38F2-9EA4-CA3C-B56F-4AB00C42292F}.Debug|Any CPU.ActiveCfg = Debug|Any CPU
		{D67B38F2-9EA4-CA3C-B56F-4AB00C42292F}.Debug|Any CPU.Build.0 = Debug|Any CPU
		{D67B38F2-9EA4-CA3C-B56F-4AB00C42292F}.Release|Any CPU.ActiveCfg = Release|Any CPU
		{D67B38F2-9EA4-CA3C-B56F-4AB00C42292F}.Release|Any CPU.Build.0 = Release|Any CPU
		{DB85F7C2-AF88-258E-D186-AE8DA27C6877}.Debug|Any CPU.ActiveCfg = Debug|Any CPU
		{DB85F7C2-AF88-258E-D186-AE8DA27C6877}.Debug|Any CPU.Build.0 = Debug|Any CPU
		{DB85F7C2-AF88-258E-D186-AE8DA27C6877}.Release|Any CPU.ActiveCfg = Release|Any CPU
		{DB85F7C2-AF88-258E-D186-AE8DA27C6877}.Release|Any CPU.Build.0 = Release|Any CPU
		{4121604C-F211-8DC6-CAEE-05EAEDA4ACC0}.Debug|Any CPU.ActiveCfg = Debug|Any CPU
		{4121604C-F211-8DC6-CAEE-05EAEDA4ACC0}.Debug|Any CPU.Build.0 = Debug|Any CPU
		{4121604C-F211-8DC6-CAEE-05EAEDA4ACC0}.Release|Any CPU.ActiveCfg = Release|Any CPU
		{4121604C-F211-8DC6-CAEE-05EAEDA4ACC0}.Release|Any CPU.Build.0 = Release|Any CPU
		{5699BB48-5E8E-79F6-3675-EA9C94671DC3}.Debug|Any CPU.ActiveCfg = Debug|Any CPU
		{5699BB48-5E8E-79F6-3675-EA9C94671DC3}.Debug|Any CPU.Build.0 = Debug|Any CPU
		{5699BB48-5E8E-79F6-3675-EA9C94671DC3}.Release|Any CPU.ActiveCfg = Release|Any CPU
		{5699BB48-5E8E-79F6-3675-EA9C94671DC3}.Release|Any CPU.Build.0 = Release|Any CPU
		{32565B22-3275-8D51-3873-AF99BD125C39}.Debug|Any CPU.ActiveCfg = Debug|Any CPU
		{32565B22-3275-8D51-3873-AF99BD125C39}.Debug|Any CPU.Build.0 = Debug|Any CPU
		{32565B22-3275-8D51-3873-AF99BD125C39}.Release|Any CPU.ActiveCfg = Release|Any CPU
		{32565B22-3275-8D51-3873-AF99BD125C39}.Release|Any CPU.Build.0 = Release|Any CPU
		{9BBF76D6-768D-6F69-6528-7329651DD669}.Debug|Any CPU.ActiveCfg = Debug|Any CPU
		{9BBF76D6-768D-6F69-6528-7329651DD669}.Debug|Any CPU.Build.0 = Debug|Any CPU
		{9BBF76D6-768D-6F69-6528-7329651DD669}.Release|Any CPU.ActiveCfg = Release|Any CPU
		{9BBF76D6-768D-6F69-6528-7329651DD669}.Release|Any CPU.Build.0 = Release|Any CPU
		{27081FF2-3E65-AB58-F248-8D6D91752AA4}.Debug|Any CPU.ActiveCfg = Debug|Any CPU
		{27081FF2-3E65-AB58-F248-8D6D91752AA4}.Debug|Any CPU.Build.0 = Debug|Any CPU
		{27081FF2-3E65-AB58-F248-8D6D91752AA4}.Release|Any CPU.ActiveCfg = Release|Any CPU
		{27081FF2-3E65-AB58-F248-8D6D91752AA4}.Release|Any CPU.Build.0 = Release|Any CPU
		{DA5AA133-4D9A-DF7C-C094-372155081ACA}.Debug|Any CPU.ActiveCfg = Debug|Any CPU
		{DA5AA133-4D9A-DF7C-C094-372155081ACA}.Debug|Any CPU.Build.0 = Debug|Any CPU
		{DA5AA133-4D9A-DF7C-C094-372155081ACA}.Release|Any CPU.ActiveCfg = Release|Any CPU
		{DA5AA133-4D9A-DF7C-C094-372155081ACA}.Release|Any CPU.Build.0 = Release|Any CPU
		{644988F1-9AC5-F56F-727D-084AE376A0AD}.Debug|Any CPU.ActiveCfg = Debug|Any CPU
		{644988F1-9AC5-F56F-727D-084AE376A0AD}.Debug|Any CPU.Build.0 = Debug|Any CPU
		{644988F1-9AC5-F56F-727D-084AE376A0AD}.Release|Any CPU.ActiveCfg = Release|Any CPU
		{644988F1-9AC5-F56F-727D-084AE376A0AD}.Release|Any CPU.Build.0 = Release|Any CPU
		{1CE25593-6E2D-B4A3-506E-ED103055DAEC}.Debug|Any CPU.ActiveCfg = Debug|Any CPU
		{1CE25593-6E2D-B4A3-506E-ED103055DAEC}.Debug|Any CPU.Build.0 = Debug|Any CPU
		{1CE25593-6E2D-B4A3-506E-ED103055DAEC}.Release|Any CPU.ActiveCfg = Release|Any CPU
		{1CE25593-6E2D-B4A3-506E-ED103055DAEC}.Release|Any CPU.Build.0 = Release|Any CPU
		{008F1D2F-77B7-06CE-044C-B88A866F8018}.Debug|Any CPU.ActiveCfg = Debug|Any CPU
		{008F1D2F-77B7-06CE-044C-B88A866F8018}.Debug|Any CPU.Build.0 = Debug|Any CPU
		{008F1D2F-77B7-06CE-044C-B88A866F8018}.Release|Any CPU.ActiveCfg = Release|Any CPU
		{008F1D2F-77B7-06CE-044C-B88A866F8018}.Release|Any CPU.Build.0 = Release|Any CPU
		{2A359F43-9D5A-1767-B064-C621944D3F8B}.Debug|Any CPU.ActiveCfg = Debug|Any CPU
		{2A359F43-9D5A-1767-B064-C621944D3F8B}.Debug|Any CPU.Build.0 = Debug|Any CPU
		{2A359F43-9D5A-1767-B064-C621944D3F8B}.Release|Any CPU.ActiveCfg = Release|Any CPU
		{2A359F43-9D5A-1767-B064-C621944D3F8B}.Release|Any CPU.Build.0 = Release|Any CPU
		{27581AEA-D74C-5639-A1AF-323D129222B1}.Debug|Any CPU.ActiveCfg = Debug|Any CPU
		{27581AEA-D74C-5639-A1AF-323D129222B1}.Debug|Any CPU.Build.0 = Debug|Any CPU
		{27581AEA-D74C-5639-A1AF-323D129222B1}.Release|Any CPU.ActiveCfg = Release|Any CPU
		{27581AEA-D74C-5639-A1AF-323D129222B1}.Release|Any CPU.Build.0 = Release|Any CPU
		{843CB92C-7F69-DCF9-89A9-695021527BC7}.Debug|Any CPU.ActiveCfg = Debug|Any CPU
		{843CB92C-7F69-DCF9-89A9-695021527BC7}.Debug|Any CPU.Build.0 = Debug|Any CPU
		{843CB92C-7F69-DCF9-89A9-695021527BC7}.Release|Any CPU.ActiveCfg = Release|Any CPU
		{843CB92C-7F69-DCF9-89A9-695021527BC7}.Release|Any CPU.Build.0 = Release|Any CPU
		{8A13B87F-9892-F8CE-FBCB-7964AA4F2921}.Debug|Any CPU.ActiveCfg = Debug|Any CPU
		{8A13B87F-9892-F8CE-FBCB-7964AA4F2921}.Debug|Any CPU.Build.0 = Debug|Any CPU
		{8A13B87F-9892-F8CE-FBCB-7964AA4F2921}.Release|Any CPU.ActiveCfg = Release|Any CPU
		{8A13B87F-9892-F8CE-FBCB-7964AA4F2921}.Release|Any CPU.Build.0 = Release|Any CPU
		{419C2B77-824C-564A-778C-55177E850E12}.Debug|Any CPU.ActiveCfg = Debug|Any CPU
		{419C2B77-824C-564A-778C-55177E850E12}.Debug|Any CPU.Build.0 = Debug|Any CPU
		{419C2B77-824C-564A-778C-55177E850E12}.Release|Any CPU.ActiveCfg = Release|Any CPU
		{419C2B77-824C-564A-778C-55177E850E12}.Release|Any CPU.Build.0 = Release|Any CPU
		{4244EB7B-C5FF-D090-337B-F4A06A50A1C6}.Debug|Any CPU.ActiveCfg = Debug|Any CPU
		{4244EB7B-C5FF-D090-337B-F4A06A50A1C6}.Debug|Any CPU.Build.0 = Debug|Any CPU
		{4244EB7B-C5FF-D090-337B-F4A06A50A1C6}.Release|Any CPU.ActiveCfg = Release|Any CPU
		{4244EB7B-C5FF-D090-337B-F4A06A50A1C6}.Release|Any CPU.Build.0 = Release|Any CPU
		{CC480731-E314-1C5F-DC86-CD5820B8D3EB}.Debug|Any CPU.ActiveCfg = Debug|Any CPU
		{CC480731-E314-1C5F-DC86-CD5820B8D3EB}.Debug|Any CPU.Build.0 = Debug|Any CPU
		{CC480731-E314-1C5F-DC86-CD5820B8D3EB}.Release|Any CPU.ActiveCfg = Release|Any CPU
		{CC480731-E314-1C5F-DC86-CD5820B8D3EB}.Release|Any CPU.Build.0 = Release|Any CPU
		{0C5B3B65-0D5F-FCB1-01C9-0356515F4EE7}.Debug|Any CPU.ActiveCfg = Debug|Any CPU
		{0C5B3B65-0D5F-FCB1-01C9-0356515F4EE7}.Debug|Any CPU.Build.0 = Debug|Any CPU
		{0C5B3B65-0D5F-FCB1-01C9-0356515F4EE7}.Release|Any CPU.ActiveCfg = Release|Any CPU
		{0C5B3B65-0D5F-FCB1-01C9-0356515F4EE7}.Release|Any CPU.Build.0 = Release|Any CPU
		{04A4E6AA-A814-B74C-CC96-087950A7BD71}.Debug|Any CPU.ActiveCfg = Debug|Any CPU
		{04A4E6AA-A814-B74C-CC96-087950A7BD71}.Debug|Any CPU.Build.0 = Debug|Any CPU
		{04A4E6AA-A814-B74C-CC96-087950A7BD71}.Release|Any CPU.ActiveCfg = Release|Any CPU
		{04A4E6AA-A814-B74C-CC96-087950A7BD71}.Release|Any CPU.Build.0 = Release|Any CPU
		{8AB88E4A-5C11-1D33-DE86-08F9151D5854}.Debug|Any CPU.ActiveCfg = Debug|Any CPU
		{8AB88E4A-5C11-1D33-DE86-08F9151D5854}.Debug|Any CPU.Build.0 = Debug|Any CPU
		{8AB88E4A-5C11-1D33-DE86-08F9151D5854}.Release|Any CPU.ActiveCfg = Release|Any CPU
		{8AB88E4A-5C11-1D33-DE86-08F9151D5854}.Release|Any CPU.Build.0 = Release|Any CPU
		{951DE116-D7D1-67E0-7A5E-E49B7BD35C4D}.Debug|Any CPU.ActiveCfg = Debug|Any CPU
		{951DE116-D7D1-67E0-7A5E-E49B7BD35C4D}.Debug|Any CPU.Build.0 = Debug|Any CPU
		{951DE116-D7D1-67E0-7A5E-E49B7BD35C4D}.Release|Any CPU.ActiveCfg = Release|Any CPU
		{951DE116-D7D1-67E0-7A5E-E49B7BD35C4D}.Release|Any CPU.Build.0 = Release|Any CPU
		{C0B4B881-6834-2235-6771-4756481EE7F7}.Debug|Any CPU.ActiveCfg = Debug|Any CPU
		{C0B4B881-6834-2235-6771-4756481EE7F7}.Debug|Any CPU.Build.0 = Debug|Any CPU
		{C0B4B881-6834-2235-6771-4756481EE7F7}.Release|Any CPU.ActiveCfg = Release|Any CPU
		{C0B4B881-6834-2235-6771-4756481EE7F7}.Release|Any CPU.Build.0 = Release|Any CPU
		{4F9ADDC8-C0A1-82D2-6D54-603C4EA2E1D4}.Debug|Any CPU.ActiveCfg = Debug|Any CPU
		{4F9ADDC8-C0A1-82D2-6D54-603C4EA2E1D4}.Debug|Any CPU.Build.0 = Debug|Any CPU
		{4F9ADDC8-C0A1-82D2-6D54-603C4EA2E1D4}.Release|Any CPU.ActiveCfg = Release|Any CPU
		{4F9ADDC8-C0A1-82D2-6D54-603C4EA2E1D4}.Release|Any CPU.Build.0 = Release|Any CPU
		{0F9A6FA9-9391-ACF6-76FD-EC924788DCE9}.Debug|Any CPU.ActiveCfg = Debug|Any CPU
		{0F9A6FA9-9391-ACF6-76FD-EC924788DCE9}.Debug|Any CPU.Build.0 = Debug|Any CPU
		{0F9A6FA9-9391-ACF6-76FD-EC924788DCE9}.Release|Any CPU.ActiveCfg = Release|Any CPU
		{0F9A6FA9-9391-ACF6-76FD-EC924788DCE9}.Release|Any CPU.Build.0 = Release|Any CPU
		{631341A0-368D-479D-40CE-05E36557F8B0}.Debug|Any CPU.ActiveCfg = Debug|Any CPU
		{631341A0-368D-479D-40CE-05E36557F8B0}.Debug|Any CPU.Build.0 = Debug|Any CPU
		{631341A0-368D-479D-40CE-05E36557F8B0}.Release|Any CPU.ActiveCfg = Release|Any CPU
		{631341A0-368D-479D-40CE-05E36557F8B0}.Release|Any CPU.Build.0 = Release|Any CPU
		{FD4F4AD6-8070-F748-746D-5889C72AE39D}.Debug|Any CPU.ActiveCfg = Debug|Any CPU
		{FD4F4AD6-8070-F748-746D-5889C72AE39D}.Debug|Any CPU.Build.0 = Debug|Any CPU
		{FD4F4AD6-8070-F748-746D-5889C72AE39D}.Release|Any CPU.ActiveCfg = Release|Any CPU
		{FD4F4AD6-8070-F748-746D-5889C72AE39D}.Release|Any CPU.Build.0 = Release|Any CPU
		{7C86A553-2E38-8343-83E8-EC02AFFC368A}.Debug|Any CPU.ActiveCfg = Debug|Any CPU
		{7C86A553-2E38-8343-83E8-EC02AFFC368A}.Debug|Any CPU.Build.0 = Debug|Any CPU
		{7C86A553-2E38-8343-83E8-EC02AFFC368A}.Release|Any CPU.ActiveCfg = Release|Any CPU
		{7C86A553-2E38-8343-83E8-EC02AFFC368A}.Release|Any CPU.Build.0 = Release|Any CPU
		{0B990328-A9F5-D8DA-6A0C-8A8FB9F19808}.Debug|Any CPU.ActiveCfg = Debug|Any CPU
		{0B990328-A9F5-D8DA-6A0C-8A8FB9F19808}.Debug|Any CPU.Build.0 = Debug|Any CPU
		{0B990328-A9F5-D8DA-6A0C-8A8FB9F19808}.Release|Any CPU.ActiveCfg = Release|Any CPU
		{0B990328-A9F5-D8DA-6A0C-8A8FB9F19808}.Release|Any CPU.Build.0 = Release|Any CPU
		{7C47193D-F0C5-6CF9-F50B-2236060E857B}.Debug|Any CPU.ActiveCfg = Debug|Any CPU
		{7C47193D-F0C5-6CF9-F50B-2236060E857B}.Debug|Any CPU.Build.0 = Debug|Any CPU
		{7C47193D-F0C5-6CF9-F50B-2236060E857B}.Release|Any CPU.ActiveCfg = Release|Any CPU
		{7C47193D-F0C5-6CF9-F50B-2236060E857B}.Release|Any CPU.Build.0 = Release|Any CPU
		{C10EB3FC-B906-1CDF-F36B-7D3F59F0A1D5}.Debug|Any CPU.ActiveCfg = Debug|Any CPU
		{C10EB3FC-B906-1CDF-F36B-7D3F59F0A1D5}.Debug|Any CPU.Build.0 = Debug|Any CPU
		{C10EB3FC-B906-1CDF-F36B-7D3F59F0A1D5}.Release|Any CPU.ActiveCfg = Release|Any CPU
		{C10EB3FC-B906-1CDF-F36B-7D3F59F0A1D5}.Release|Any CPU.Build.0 = Release|Any CPU
		{3E5B3D94-95CD-B09D-CE6A-4271F8350E98}.Debug|Any CPU.ActiveCfg = Debug|Any CPU
		{3E5B3D94-95CD-B09D-CE6A-4271F8350E98}.Debug|Any CPU.Build.0 = Debug|Any CPU
		{3E5B3D94-95CD-B09D-CE6A-4271F8350E98}.Release|Any CPU.ActiveCfg = Release|Any CPU
		{3E5B3D94-95CD-B09D-CE6A-4271F8350E98}.Release|Any CPU.Build.0 = Release|Any CPU
		{33B3BDCD-7570-ACAC-F059-1B2C40582F5D}.Debug|Any CPU.ActiveCfg = Debug|Any CPU
		{33B3BDCD-7570-ACAC-F059-1B2C40582F5D}.Debug|Any CPU.Build.0 = Debug|Any CPU
		{33B3BDCD-7570-ACAC-F059-1B2C40582F5D}.Release|Any CPU.ActiveCfg = Release|Any CPU
		{33B3BDCD-7570-ACAC-F059-1B2C40582F5D}.Release|Any CPU.Build.0 = Release|Any CPU
		{DA7847A9-02B4-3D5E-5A9C-06C1BE3AD6FB}.Debug|Any CPU.ActiveCfg = Debug|Any CPU
		{DA7847A9-02B4-3D5E-5A9C-06C1BE3AD6FB}.Debug|Any CPU.Build.0 = Debug|Any CPU
		{DA7847A9-02B4-3D5E-5A9C-06C1BE3AD6FB}.Release|Any CPU.ActiveCfg = Release|Any CPU
		{DA7847A9-02B4-3D5E-5A9C-06C1BE3AD6FB}.Release|Any CPU.Build.0 = Release|Any CPU
		{B5168951-098F-218E-12D9-2B3D5E9D1DC4}.Debug|Any CPU.ActiveCfg = Debug|Any CPU
		{B5168951-098F-218E-12D9-2B3D5E9D1DC4}.Debug|Any CPU.Build.0 = Debug|Any CPU
		{B5168951-098F-218E-12D9-2B3D5E9D1DC4}.Release|Any CPU.ActiveCfg = Release|Any CPU
		{B5168951-098F-218E-12D9-2B3D5E9D1DC4}.Release|Any CPU.Build.0 = Release|Any CPU
		{13286904-2736-2314-7FA4-E5BD94C156BA}.Debug|Any CPU.ActiveCfg = Debug|Any CPU
		{13286904-2736-2314-7FA4-E5BD94C156BA}.Debug|Any CPU.Build.0 = Debug|Any CPU
		{13286904-2736-2314-7FA4-E5BD94C156BA}.Release|Any CPU.ActiveCfg = Release|Any CPU
		{13286904-2736-2314-7FA4-E5BD94C156BA}.Release|Any CPU.Build.0 = Release|Any CPU
		{DFC824C9-5B79-9C7B-8B25-0CB41E577622}.Debug|Any CPU.ActiveCfg = Debug|Any CPU
		{DFC824C9-5B79-9C7B-8B25-0CB41E577622}.Debug|Any CPU.Build.0 = Debug|Any CPU
		{DFC824C9-5B79-9C7B-8B25-0CB41E577622}.Release|Any CPU.ActiveCfg = Release|Any CPU
		{DFC824C9-5B79-9C7B-8B25-0CB41E577622}.Release|Any CPU.Build.0 = Release|Any CPU
		{D9BE872B-9F24-DE42-DAC8-B0F054BD9D29}.Debug|Any CPU.ActiveCfg = Debug|Any CPU
		{D9BE872B-9F24-DE42-DAC8-B0F054BD9D29}.Debug|Any CPU.Build.0 = Debug|Any CPU
		{D9BE872B-9F24-DE42-DAC8-B0F054BD9D29}.Release|Any CPU.ActiveCfg = Release|Any CPU
		{D9BE872B-9F24-DE42-DAC8-B0F054BD9D29}.Release|Any CPU.Build.0 = Release|Any CPU
		{958FF39F-23CA-72CC-DB0A-267A00CE7502}.Debug|Any CPU.ActiveCfg = Debug|Any CPU
		{958FF39F-23CA-72CC-DB0A-267A00CE7502}.Debug|Any CPU.Build.0 = Debug|Any CPU
		{958FF39F-23CA-72CC-DB0A-267A00CE7502}.Release|Any CPU.ActiveCfg = Release|Any CPU
		{958FF39F-23CA-72CC-DB0A-267A00CE7502}.Release|Any CPU.Build.0 = Release|Any CPU
		{486BF987-40B0-30D8-459C-D1FE429B16A7}.Debug|Any CPU.ActiveCfg = Debug|Any CPU
		{486BF987-40B0-30D8-459C-D1FE429B16A7}.Debug|Any CPU.Build.0 = Debug|Any CPU
		{486BF987-40B0-30D8-459C-D1FE429B16A7}.Release|Any CPU.ActiveCfg = Release|Any CPU
		{486BF987-40B0-30D8-459C-D1FE429B16A7}.Release|Any CPU.Build.0 = Release|Any CPU
		{CD1F40AA-A0F4-8B41-FC2D-20DC0AD50FBA}.Debug|Any CPU.ActiveCfg = Debug|Any CPU
		{CD1F40AA-A0F4-8B41-FC2D-20DC0AD50FBA}.Debug|Any CPU.Build.0 = Debug|Any CPU
		{CD1F40AA-A0F4-8B41-FC2D-20DC0AD50FBA}.Release|Any CPU.ActiveCfg = Release|Any CPU
		{CD1F40AA-A0F4-8B41-FC2D-20DC0AD50FBA}.Release|Any CPU.Build.0 = Release|Any CPU
		{8986FA69-8342-EBD9-630C-396186A5F658}.Debug|Any CPU.ActiveCfg = Debug|Any CPU
		{8986FA69-8342-EBD9-630C-396186A5F658}.Debug|Any CPU.Build.0 = Debug|Any CPU
		{8986FA69-8342-EBD9-630C-396186A5F658}.Release|Any CPU.ActiveCfg = Release|Any CPU
		{8986FA69-8342-EBD9-630C-396186A5F658}.Release|Any CPU.Build.0 = Release|Any CPU
		{263DE7F0-E900-95F1-22D9-F4D632865C08}.Debug|Any CPU.ActiveCfg = Debug|Any CPU
		{263DE7F0-E900-95F1-22D9-F4D632865C08}.Debug|Any CPU.Build.0 = Debug|Any CPU
		{263DE7F0-E900-95F1-22D9-F4D632865C08}.Release|Any CPU.ActiveCfg = Release|Any CPU
		{263DE7F0-E900-95F1-22D9-F4D632865C08}.Release|Any CPU.Build.0 = Release|Any CPU
	EndGlobalSection
	GlobalSection(SolutionProperties) = preSolution
		HideSolutionNode = FALSE
	EndGlobalSection
EndGlobal
